// !$*UTF8*$!
{
	archiveVersion = 1;
	classes = {
	};
	objectVersion = 50;
	objects = {

/* Begin PBXBuildFile section */
		A5842B35209FF76C00FF56E1 /* AppDelegate.m in Sources */ = {isa = PBXBuildFile; fileRef = A5842B34209FF76C00FF56E1 /* AppDelegate.m */; };
		A5842B3B209FF76C00FF56E1 /* Main.storyboard in Resources */ = {isa = PBXBuildFile; fileRef = A5842B39209FF76C00FF56E1 /* Main.storyboard */; };
		A5842B3D209FF76D00FF56E1 /* Assets.xcassets in Resources */ = {isa = PBXBuildFile; fileRef = A5842B3C209FF76D00FF56E1 /* Assets.xcassets */; };
		A5842B40209FF76D00FF56E1 /* LaunchScreen.storyboard in Resources */ = {isa = PBXBuildFile; fileRef = A5842B3E209FF76D00FF56E1 /* LaunchScreen.storyboard */; };
		A5842B43209FF76D00FF56E1 /* main.m in Sources */ = {isa = PBXBuildFile; fileRef = A5842B42209FF76D00FF56E1 /* main.m */; };
		A5842B4B209FF97D00FF56E1 /* FTDTableViewController.m in Sources */ = {isa = PBXBuildFile; fileRef = A5842B4A209FF97D00FF56E1 /* FTDTableViewController.m */; };
		A5842B4E20A0318C00FF56E1 /* FTDTableViewCell.m in Sources */ = {isa = PBXBuildFile; fileRef = A5842B4D20A0318C00FF56E1 /* FTDTableViewCell.m */; };
		A5842B5420A049A900FF56E1 /* FTDDetailViewController.m in Sources */ = {isa = PBXBuildFile; fileRef = A5842B5320A049A900FF56E1 /* FTDDetailViewController.m */; };
		A5842B5A20A1457600FF56E1 /* UIImage+fixOrientation.m in Sources */ = {isa = PBXBuildFile; fileRef = A5842B5920A1457600FF56E1 /* UIImage+fixOrientation.m */; };
		A5C42FF220A19A1600B03A39 /* FTDWebViewController.m in Sources */ = {isa = PBXBuildFile; fileRef = A5C42FF120A19A1600B03A39 /* FTDWebViewController.m */; };
		A5C42FF720A1A37B00B03A39 /* FTDForcePropertiesViewController.m in Sources */ = {isa = PBXBuildFile; fileRef = A5C42FF620A1A37B00B03A39 /* FTDForcePropertiesViewController.m */; };
/* End PBXBuildFile section */

/* Begin PBXFileReference section */
		A5842B30209FF76C00FF56E1 /* ForceTouchDemo.app */ = {isa = PBXFileReference; explicitFileType = wrapper.application; includeInIndex = 0; path = ForceTouchDemo.app; sourceTree = BUILT_PRODUCTS_DIR; };
		A5842B33209FF76C00FF56E1 /* AppDelegate.h */ = {isa = PBXFileReference; lastKnownFileType = sourcecode.c.h; path = AppDelegate.h; sourceTree = "<group>"; };
		A5842B34209FF76C00FF56E1 /* AppDelegate.m */ = {isa = PBXFileReference; lastKnownFileType = sourcecode.c.objc; path = AppDelegate.m; sourceTree = "<group>"; };
		A5842B3A209FF76C00FF56E1 /* Base */ = {isa = PBXFileReference; lastKnownFileType = file.storyboard; name = Base; path = Base.lproj/Main.storyboard; sourceTree = "<group>"; };
		A5842B3C209FF76D00FF56E1 /* Assets.xcassets */ = {isa = PBXFileReference; lastKnownFileType = folder.assetcatalog; path = Assets.xcassets; sourceTree = "<group>"; };
		A5842B3F209FF76D00FF56E1 /* Base */ = {isa = PBXFileReference; lastKnownFileType = file.storyboard; name = Base; path = Base.lproj/LaunchScreen.storyboard; sourceTree = "<group>"; };
		A5842B41209FF76D00FF56E1 /* Info.plist */ = {isa = PBXFileReference; lastKnownFileType = text.plist.xml; path = Info.plist; sourceTree = "<group>"; };
		A5842B42209FF76D00FF56E1 /* main.m */ = {isa = PBXFileReference; lastKnownFileType = sourcecode.c.objc; path = main.m; sourceTree = "<group>"; };
		A5842B49209FF97D00FF56E1 /* FTDTableViewController.h */ = {isa = PBXFileReference; lastKnownFileType = sourcecode.c.h; path = FTDTableViewController.h; sourceTree = "<group>"; };
		A5842B4A209FF97D00FF56E1 /* FTDTableViewController.m */ = {isa = PBXFileReference; lastKnownFileType = sourcecode.c.objc; path = FTDTableViewController.m; sourceTree = "<group>"; };
		A5842B4C20A0318C00FF56E1 /* FTDTableViewCell.h */ = {isa = PBXFileReference; lastKnownFileType = sourcecode.c.h; path = FTDTableViewCell.h; sourceTree = "<group>"; };
		A5842B4D20A0318C00FF56E1 /* FTDTableViewCell.m */ = {isa = PBXFileReference; lastKnownFileType = sourcecode.c.objc; path = FTDTableViewCell.m; sourceTree = "<group>"; };
		A5842B5220A049A900FF56E1 /* FTDDetailViewController.h */ = {isa = PBXFileReference; lastKnownFileType = sourcecode.c.h; path = FTDDetailViewController.h; sourceTree = "<group>"; };
		A5842B5320A049A900FF56E1 /* FTDDetailViewController.m */ = {isa = PBXFileReference; lastKnownFileType = sourcecode.c.objc; path = FTDDetailViewController.m; sourceTree = "<group>"; };
		A5842B5820A1457600FF56E1 /* UIImage+fixOrientation.h */ = {isa = PBXFileReference; lastKnownFileType = sourcecode.c.h; path = "UIImage+fixOrientation.h"; sourceTree = "<group>"; };
		A5842B5920A1457600FF56E1 /* UIImage+fixOrientation.m */ = {isa = PBXFileReference; lastKnownFileType = sourcecode.c.objc; path = "UIImage+fixOrientation.m"; sourceTree = "<group>"; };
		A5C42FF020A19A1600B03A39 /* FTDWebViewController.h */ = {isa = PBXFileReference; lastKnownFileType = sourcecode.c.h; path = FTDWebViewController.h; sourceTree = "<group>"; };
		A5C42FF120A19A1600B03A39 /* FTDWebViewController.m */ = {isa = PBXFileReference; lastKnownFileType = sourcecode.c.objc; path = FTDWebViewController.m; sourceTree = "<group>"; };
		A5C42FF520A1A37B00B03A39 /* FTDForcePropertiesViewController.h */ = {isa = PBXFileReference; lastKnownFileType = sourcecode.c.h; path = FTDForcePropertiesViewController.h; sourceTree = "<group>"; };
		A5C42FF620A1A37B00B03A39 /* FTDForcePropertiesViewController.m */ = {isa = PBXFileReference; lastKnownFileType = sourcecode.c.objc; path = FTDForcePropertiesViewController.m; sourceTree = "<group>"; };
/* End PBXFileReference section */

/* Begin PBXFrameworksBuildPhase section */
		A5842B2D209FF76C00FF56E1 /* Frameworks */ = {
			isa = PBXFrameworksBuildPhase;
			buildActionMask = 2147483647;
			files = (
			);
			runOnlyForDeploymentPostprocessing = 0;
		};
/* End PBXFrameworksBuildPhase section */

/* Begin PBXGroup section */
		A5842B27209FF76C00FF56E1 = {
			isa = PBXGroup;
			children = (
				A5842B32209FF76C00FF56E1 /* ForceTouchDemo */,
				A5842B31209FF76C00FF56E1 /* Products */,
			);
			sourceTree = "<group>";
		};
		A5842B31209FF76C00FF56E1 /* Products */ = {
			isa = PBXGroup;
			children = (
				A5842B30209FF76C00FF56E1 /* ForceTouchDemo.app */,
			);
			name = Products;
			sourceTree = "<group>";
		};
		A5842B32209FF76C00FF56E1 /* ForceTouchDemo */ = {
			isa = PBXGroup;
			children = (
				A5842B33209FF76C00FF56E1 /* AppDelegate.h */,
				A5842B34209FF76C00FF56E1 /* AppDelegate.m */,
				A5C42FF320A19A2200B03A39 /* Peek and Pop */,
				A5C42FF420A19A3100B03A39 /* Web View */,
				A5C42FF820A1A37F00B03A39 /* Force Properties */,
				A5842B39209FF76C00FF56E1 /* Main.storyboard */,
				A5842B3C209FF76D00FF56E1 /* Assets.xcassets */,
				A5842B3E209FF76D00FF56E1 /* LaunchScreen.storyboard */,
				A5842B5820A1457600FF56E1 /* UIImage+fixOrientation.h */,
				A5842B5920A1457600FF56E1 /* UIImage+fixOrientation.m */,
				A5842B41209FF76D00FF56E1 /* Info.plist */,
				A5842B42209FF76D00FF56E1 /* main.m */,
			);
			path = ForceTouchDemo;
			sourceTree = "<group>";
		};
		A5C42FF320A19A2200B03A39 /* Peek and Pop */ = {
			isa = PBXGroup;
			children = (
				A5842B49209FF97D00FF56E1 /* FTDTableViewController.h */,
				A5842B4A209FF97D00FF56E1 /* FTDTableViewController.m */,
				A5842B4C20A0318C00FF56E1 /* FTDTableViewCell.h */,
				A5842B4D20A0318C00FF56E1 /* FTDTableViewCell.m */,
				A5842B5220A049A900FF56E1 /* FTDDetailViewController.h */,
				A5842B5320A049A900FF56E1 /* FTDDetailViewController.m */,
			);
			path = "Peek and Pop";
			sourceTree = "<group>";
		};
		A5C42FF420A19A3100B03A39 /* Web View */ = {
			isa = PBXGroup;
			children = (
				A5C42FF020A19A1600B03A39 /* FTDWebViewController.h */,
				A5C42FF120A19A1600B03A39 /* FTDWebViewController.m */,
			);
			path = "Web View";
			sourceTree = "<group>";
		};
		A5C42FF820A1A37F00B03A39 /* Force Properties */ = {
			isa = PBXGroup;
			children = (
				A5C42FF520A1A37B00B03A39 /* FTDForcePropertiesViewController.h */,
				A5C42FF620A1A37B00B03A39 /* FTDForcePropertiesViewController.m */,
			);
			path = "Force Properties";
			sourceTree = "<group>";
		};
/* End PBXGroup section */

/* Begin PBXNativeTarget section */
		A5842B2F209FF76C00FF56E1 /* ForceTouchDemo */ = {
			isa = PBXNativeTarget;
			buildConfigurationList = A5842B46209FF76D00FF56E1 /* Build configuration list for PBXNativeTarget "ForceTouchDemo" */;
			buildPhases = (
				A5842B2C209FF76C00FF56E1 /* Sources */,
				A5842B2D209FF76C00FF56E1 /* Frameworks */,
				A5842B2E209FF76C00FF56E1 /* Resources */,
			);
			buildRules = (
			);
			dependencies = (
			);
			name = ForceTouchDemo;
			productName = ForceTouchDemo;
			productReference = A5842B30209FF76C00FF56E1 /* ForceTouchDemo.app */;
			productType = "com.apple.product-type.application";
		};
/* End PBXNativeTarget section */

/* Begin PBXProject section */
		A5842B28209FF76C00FF56E1 /* Project object */ = {
			isa = PBXProject;
			attributes = {
				CLASSPREFIX = FTD;
				LastUpgradeCheck = 0930;
				ORGANIZATIONNAME = zesming.com;
				TargetAttributes = {
					A5842B2F209FF76C00FF56E1 = {
						CreatedOnToolsVersion = 9.3;
					};
				};
			};
			buildConfigurationList = A5842B2B209FF76C00FF56E1 /* Build configuration list for PBXProject "ForceTouchDemo" */;
			compatibilityVersion = "Xcode 9.3";
			developmentRegion = en;
			hasScannedForEncodings = 0;
			knownRegions = (
				en,
				Base,
			);
			mainGroup = A5842B27209FF76C00FF56E1;
			productRefGroup = A5842B31209FF76C00FF56E1 /* Products */;
			projectDirPath = "";
			projectRoot = "";
			targets = (
				A5842B2F209FF76C00FF56E1 /* ForceTouchDemo */,
			);
		};
/* End PBXProject section */

/* Begin PBXResourcesBuildPhase section */
		A5842B2E209FF76C00FF56E1 /* Resources */ = {
			isa = PBXResourcesBuildPhase;
			buildActionMask = 2147483647;
			files = (
				A5842B40209FF76D00FF56E1 /* LaunchScreen.storyboard in Resources */,
				A5842B3D209FF76D00FF56E1 /* Assets.xcassets in Resources */,
				A5842B3B209FF76C00FF56E1 /* Main.storyboard in Resources */,
			);
			runOnlyForDeploymentPostprocessing = 0;
		};
/* End PBXResourcesBuildPhase section */

/* Begin PBXSourcesBuildPhase section */
		A5842B2C209FF76C00FF56E1 /* Sources */ = {
			isa = PBXSourcesBuildPhase;
			buildActionMask = 2147483647;
			files = (
				A5842B5A20A1457600FF56E1 /* UIImage+fixOrientation.m in Sources */,
				A5842B4B209FF97D00FF56E1 /* FTDTableViewController.m in Sources */,
				A5842B43209FF76D00FF56E1 /* main.m in Sources */,
				A5842B4E20A0318C00FF56E1 /* FTDTableViewCell.m in Sources */,
				A5C42FF220A19A1600B03A39 /* FTDWebViewController.m in Sources */,
				A5842B35209FF76C00FF56E1 /* AppDelegate.m in Sources */,
				A5C42FF720A1A37B00B03A39 /* FTDForcePropertiesViewController.m in Sources */,
				A5842B5420A049A900FF56E1 /* FTDDetailViewController.m in Sources */,
			);
			runOnlyForDeploymentPostprocessing = 0;
		};
/* End PBXSourcesBuildPhase section */

/* Begin PBXVariantGroup section */
		A5842B39209FF76C00FF56E1 /* Main.storyboard */ = {
			isa = PBXVariantGroup;
			children = (
				A5842B3A209FF76C00FF56E1 /* Base */,
			);
			name = Main.storyboard;
			sourceTree = "<group>";
		};
		A5842B3E209FF76D00FF56E1 /* LaunchScreen.storyboard */ = {
			isa = PBXVariantGroup;
			children = (
				A5842B3F209FF76D00FF56E1 /* Base */,
			);
			name = LaunchScreen.storyboard;
			sourceTree = "<group>";
		};
/* End PBXVariantGroup section */

/* Begin XCBuildConfiguration section */
		A5842B44209FF76D00FF56E1 /* Debug */ = {
			isa = XCBuildConfiguration;
			buildSettings = {
				ALWAYS_SEARCH_USER_PATHS = NO;
				CLANG_ANALYZER_NONNULL = YES;
				CLANG_ANALYZER_NUMBER_OBJECT_CONVERSION = YES_AGGRESSIVE;
				CLANG_CXX_LANGUAGE_STANDARD = "gnu++14";
				CLANG_CXX_LIBRARY = "libc++";
				CLANG_ENABLE_MODULES = YES;
				CLANG_ENABLE_OBJC_ARC = YES;
				CLANG_ENABLE_OBJC_WEAK = YES;
				CLANG_WARN_BLOCK_CAPTURE_AUTORELEASING = YES;
				CLANG_WARN_BOOL_CONVERSION = YES;
				CLANG_WARN_COMMA = YES;
				CLANG_WARN_CONSTANT_CONVERSION = YES;
				CLANG_WARN_DEPRECATED_OBJC_IMPLEMENTATIONS = YES;
				CLANG_WARN_DIRECT_OBJC_ISA_USAGE = YES_ERROR;
				CLANG_WARN_DOCUMENTATION_COMMENTS = YES;
				CLANG_WARN_EMPTY_BODY = YES;
				CLANG_WARN_ENUM_CONVERSION = YES;
				CLANG_WARN_INFINITE_RECURSION = YES;
				CLANG_WARN_INT_CONVERSION = YES;
				CLANG_WARN_NON_LITERAL_NULL_CONVERSION = YES;
				CLANG_WARN_OBJC_IMPLICIT_RETAIN_SELF = YES;
				CLANG_WARN_OBJC_LITERAL_CONVERSION = YES;
				CLANG_WARN_OBJC_ROOT_CLASS = YES_ERROR;
				CLANG_WARN_RANGE_LOOP_ANALYSIS = YES;
				CLANG_WARN_STRICT_PROTOTYPES = YES;
				CLANG_WARN_SUSPICIOUS_MOVE = YES;
				CLANG_WARN_UNGUARDED_AVAILABILITY = YES_AGGRESSIVE;
				CLANG_WARN_UNREACHABLE_CODE = YES;
				CLANG_WARN__DUPLICATE_METHOD_MATCH = YES;
				CODE_SIGN_IDENTITY = "iPhone Developer";
				COPY_PHASE_STRIP = NO;
				DEBUG_INFORMATION_FORMAT = dwarf;
				ENABLE_STRICT_OBJC_MSGSEND = YES;
				ENABLE_TESTABILITY = YES;
				GCC_C_LANGUAGE_STANDARD = gnu11;
				GCC_DYNAMIC_NO_PIC = NO;
				GCC_NO_COMMON_BLOCKS = YES;
				GCC_OPTIMIZATION_LEVEL = 0;
				GCC_PREPROCESSOR_DEFINITIONS = (
					"DEBUG=1",
					"$(inherited)",
				);
				GCC_WARN_64_TO_32_BIT_CONVERSION = YES;
				GCC_WARN_ABOUT_RETURN_TYPE = YES_ERROR;
				GCC_WARN_UNDECLARED_SELECTOR = YES;
				GCC_WARN_UNINITIALIZED_AUTOS = YES_AGGRESSIVE;
				GCC_WARN_UNUSED_FUNCTION = YES;
				GCC_WARN_UNUSED_VARIABLE = YES;
				IPHONEOS_DEPLOYMENT_TARGET = 11.3;
				MTL_ENABLE_DEBUG_INFO = YES;
				ONLY_ACTIVE_ARCH = YES;
				SDKROOT = iphoneos;
			};
			name = Debug;
		};
		A5842B45209FF76D00FF56E1 /* Release */ = {
			isa = XCBuildConfiguration;
			buildSettings = {
				ALWAYS_SEARCH_USER_PATHS = NO;
				CLANG_ANALYZER_NONNULL = YES;
				CLANG_ANALYZER_NUMBER_OBJECT_CONVERSION = YES_AGGRESSIVE;
				CLANG_CXX_LANGUAGE_STANDARD = "gnu++14";
				CLANG_CXX_LIBRARY = "libc++";
				CLANG_ENABLE_MODULES = YES;
				CLANG_ENABLE_OBJC_ARC = YES;
				CLANG_ENABLE_OBJC_WEAK = YES;
				CLANG_WARN_BLOCK_CAPTURE_AUTORELEASING = YES;
				CLANG_WARN_BOOL_CONVERSION = YES;
				CLANG_WARN_COMMA = YES;
				CLANG_WARN_CONSTANT_CONVERSION = YES;
				CLANG_WARN_DEPRECATED_OBJC_IMPLEMENTATIONS = YES;
				CLANG_WARN_DIRECT_OBJC_ISA_USAGE = YES_ERROR;
				CLANG_WARN_DOCUMENTATION_COMMENTS = YES;
				CLANG_WARN_EMPTY_BODY = YES;
				CLANG_WARN_ENUM_CONVERSION = YES;
				CLANG_WARN_INFINITE_RECURSION = YES;
				CLANG_WARN_INT_CONVERSION = YES;
				CLANG_WARN_NON_LITERAL_NULL_CONVERSION = YES;
				CLANG_WARN_OBJC_IMPLICIT_RETAIN_SELF = YES;
				CLANG_WARN_OBJC_LITERAL_CONVERSION = YES;
				CLANG_WARN_OBJC_ROOT_CLASS = YES_ERROR;
				CLANG_WARN_RANGE_LOOP_ANALYSIS = YES;
				CLANG_WARN_STRICT_PROTOTYPES = YES;
				CLANG_WARN_SUSPICIOUS_MOVE = YES;
				CLANG_WARN_UNGUARDED_AVAILABILITY = YES_AGGRESSIVE;
				CLANG_WARN_UNREACHABLE_CODE = YES;
				CLANG_WARN__DUPLICATE_METHOD_MATCH = YES;
				CODE_SIGN_IDENTITY = "iPhone Developer";
				COPY_PHASE_STRIP = NO;
				DEBUG_INFORMATION_FORMAT = "dwarf-with-dsym";
				ENABLE_NS_ASSERTIONS = NO;
				ENABLE_STRICT_OBJC_MSGSEND = YES;
				GCC_C_LANGUAGE_STANDARD = gnu11;
				GCC_NO_COMMON_BLOCKS = YES;
				GCC_WARN_64_TO_32_BIT_CONVERSION = YES;
				GCC_WARN_ABOUT_RETURN_TYPE = YES_ERROR;
				GCC_WARN_UNDECLARED_SELECTOR = YES;
				GCC_WARN_UNINITIALIZED_AUTOS = YES_AGGRESSIVE;
				GCC_WARN_UNUSED_FUNCTION = YES;
				GCC_WARN_UNUSED_VARIABLE = YES;
				IPHONEOS_DEPLOYMENT_TARGET = 11.3;
				MTL_ENABLE_DEBUG_INFO = NO;
				SDKROOT = iphoneos;
				VALIDATE_PRODUCT = YES;
			};
			name = Release;
		};
		A5842B47209FF76D00FF56E1 /* Debug */ = {
			isa = XCBuildConfiguration;
			buildSettings = {
				ASSETCATALOG_COMPILER_APPICON_NAME = AppIcon;
				CODE_SIGN_STYLE = Automatic;
				DEVELOPMENT_TEAM = V842XQF487;
				INFOPLIST_FILE = ForceTouchDemo/Info.plist;
				LD_RUNPATH_SEARCH_PATHS = (
					"$(inherited)",
					"@executable_path/Frameworks",
				);
				PRODUCT_BUNDLE_IDENTIFIER = cn.ming.ForceTouchDemo;
				PRODUCT_NAME = "$(TARGET_NAME)";
				TARGETED_DEVICE_FAMILY = "1,2";
			};
			name = Debug;
		};
		A5842B48209FF76D00FF56E1 /* Release */ = {
			isa = XCBuildConfiguration;
			buildSettings = {
				ASSETCATALOG_COMPILER_APPICON_NAME = AppIcon;
				CODE_SIGN_STYLE = Automatic;
				DEVELOPMENT_TEAM = V842XQF487;
				INFOPLIST_FILE = ForceTouchDemo/Info.plist;
				LD_RUNPATH_SEARCH_PATHS = (
					"$(inherited)",
					"@executable_path/Frameworks",
				);
				PRODUCT_BUNDLE_IDENTIFIER = cn.ming.ForceTouchDemo;
				PRODUCT_NAME = "$(TARGET_NAME)";
				TARGETED_DEVICE_FAMILY = "1,2";
			};
			name = Release;
		};
/* End XCBuildConfiguration section */

/* Begin XCConfigurationList section */
		A5842B2B209FF76C00FF56E1 /* Build configuration list for PBXProject "ForceTouchDemo" */ = {
			isa = XCConfigurationList;
			buildConfigurations = (
				A5842B44209FF76D00FF56E1 /* Debug */,
				A5842B45209FF76D00FF56E1 /* Release */,
			);
			defaultConfigurationIsVisible = 0;
			defaultConfigurationName = Release;
		};
		A5842B46209FF76D00FF56E1 /* Build configuration list for PBXNativeTarget "ForceTouchDemo" */ = {
			isa = XCConfigurationList;
			buildConfigurations = (
				A5842B47209FF76D00FF56E1 /* Debug */,
				A5842B48209FF76D00FF56E1 /* Release */,
			);
			defaultConfigurationIsVisible = 0;
			defaultConfigurationName = Release;
		};
/* End XCConfigurationList section */
	};
	rootObject = A5842B28209FF76C00FF56E1 /* Project object */;
}
